
Microsoft Visual Studio Solution File, Format Version 12.00
# Visual Studio Version 17
VisualStudioVersion = 17.3.32819.101
MinimumVisualStudioVersion = 10.0.40219.1
Project("{FAE04EC0-301F-11D3-BF4B-00C04F79EFBC}") = "OnlineStoreBackend", "OnlineStoreBackend\OnlineStoreBackend.csproj", "{6423ED3A-FFB1-4DDC-999B-7AC382792AF7}"
EndProject
Project("{FAE04EC0-301F-11D3-BF4B-00C04F79EFBC}") = "Models", "Models\Models.csproj", "{2D222AA9-A65A-4189-9954-3D72C34AB6E1}"
EndProject
Project("{FAE04EC0-301F-11D3-BF4B-00C04F79EFBC}") = "Entities", "Entities\Entities.csproj", "{7442D87B-EE65-43B1-9DB6-6B3E1155475C}"
EndProject
Project("{FAE04EC0-301F-11D3-BF4B-00C04F79EFBC}") = "Contracts", "Contracts\Contracts.csproj", "{FA4013E6-0B07-4341-A7E8-D0117D6B9388}"
EndProject
Project("{FAE04EC0-301F-11D3-BF4B-00C04F79EFBC}") = "RepositoryPattern", "RepositoryPattern\RepositoryPattern.csproj", "{F5F9CF28-8FB1-47E0-9D10-E4A079951E0D}"
EndProject
Global
	GlobalSection(SolutionConfigurationPlatforms) = preSolution
		Debug|Any CPU = Debug|Any CPU
		Release|Any CPU = Release|Any CPU
	EndGlobalSection
	GlobalSection(ProjectConfigurationPlatforms) = postSolution
		{6423ED3A-FFB1-4DDC-999B-7AC382792AF7}.Debug|Any CPU.ActiveCfg = Debug|Any CPU
		{6423ED3A-FFB1-4DDC-999B-7AC382792AF7}.Debug|Any CPU.Build.0 = Debug|Any CPU
		{6423ED3A-FFB1-4DDC-999B-7AC382792AF7}.Release|Any CPU.ActiveCfg = Release|Any CPU
		{6423ED3A-FFB1-4DDC-999B-7AC382792AF7}.Release|Any CPU.Build.0 = Release|Any CPU
		{2D222AA9-A65A-4189-9954-3D72C34AB6E1}.Debug|Any CPU.ActiveCfg = Debug|Any CPU
		{2D222AA9-A65A-4189-9954-3D72C34AB6E1}.Debug|Any CPU.Build.0 = Debug|Any CPU
		{2D222AA9-A65A-4189-9954-3D72C34AB6E1}.Release|Any CPU.ActiveCfg = Release|Any CPU
		{2D222AA9-A65A-4189-9954-3D72C34AB6E1}.Release|Any CPU.Build.0 = Release|Any CPU
		{7442D87B-EE65-43B1-9DB6-6B3E1155475C}.Debug|Any CPU.ActiveCfg = Debug|Any CPU
		{7442D87B-EE65-43B1-9DB6-6B3E1155475C}.Debug|Any CPU.Build.0 = Debug|Any CPU
		{7442D87B-EE65-43B1-9DB6-6B3E1155475C}.Release|Any CPU.ActiveCfg = Release|Any CPU
		{7442D87B-EE65-43B1-9DB6-6B3E1155475C}.Release|Any CPU.Build.0 = Release|Any CPU
		{FA4013E6-0B07-4341-A7E8-D0117D6B9388}.Debug|Any CPU.ActiveCfg = Debug|Any CPU
		{FA4013E6-0B07-4341-A7E8-D0117D6B9388}.Debug|Any CPU.Build.0 = Debug|Any CPU
		{FA4013E6-0B07-4341-A7E8-D0117D6B9388}.Release|Any CPU.ActiveCfg = Release|Any CPU
		{FA4013E6-0B07-4341-A7E8-D0117D6B9388}.Release|Any CPU.Build.0 = Release|Any CPU
		{F5F9CF28-8FB1-47E0-9D10-E4A079951E0D}.Debug|Any CPU.ActiveCfg = Debug|Any CPU
		{F5F9CF28-8FB1-47E0-9D10-E4A079951E0D}.Debug|Any CPU.Build.0 = Debug|Any CPU
		{F5F9CF28-8FB1-47E0-9D10-E4A079951E0D}.Release|Any CPU.ActiveCfg = Release|Any CPU
		{F5F9CF28-8FB1-47E0-9D10-E4A079951E0D}.Release|Any CPU.Build.0 = Release|Any CPU
	EndGlobalSection
	GlobalSection(SolutionProperties) = preSolution
		HideSolutionNode = FALSE
	EndGlobalSection
	GlobalSection(ExtensibilityGlobals) = postSolution
		SolutionGuid = {F9F5D6C9-851A-49E2-B94A-234495DB6840}
	EndGlobalSection
EndGlobal
